
Microsoft Visual Studio Solution File, Format Version 12.00
# Visual Studio 15
VisualStudioVersion = 15.0.28010.2026
MinimumVisualStudioVersion = 10.0.40219.1
Project("{FAE04EC0-301F-11D3-BF4B-00C04F79EFBC}") = "Store", "Store\Store.csproj", "{42454CFE-263C-42E6-BD4E-7EA88F9C6A6B}"
EndProject
Global
	GlobalSection(SolutionConfigurationPlatforms) = preSolution
		Debug|Any CPU = Debug|Any CPU
		Release|Any CPU = Release|Any CPU
	EndGlobalSection
	GlobalSection(ProjectConfigurationPlatforms) = postSolution
		{42454CFE-263C-42E6-BD4E-7EA88F9C6A6B}.Debug|Any CPU.ActiveCfg = Debug|Any CPU
		{42454CFE-263C-42E6-BD4E-7EA88F9C6A6B}.Debug|Any CPU.Build.0 = Debug|Any CPU
		{42454CFE-263C-42E6-BD4E-7EA88F9C6A6B}.Release|Any CPU.ActiveCfg = Release|Any CPU
		{42454CFE-263C-42E6-BD4E-7EA88F9C6A6B}.Release|Any CPU.Build.0 = Release|Any CPU
	EndGlobalSection
	GlobalSection(SolutionProperties) = preSolution
		HideSolutionNode = FALSE
	EndGlobalSection
	GlobalSection(ExtensibilityGlobals) = postSolution
		SolutionGuid = {F11D3789-D664-4D5F-84B0-09963427EB66}
	EndGlobalSection
EndGlobal
